
Microsoft Visual Studio Solution File, Format Version 12.00
# Visual Studio 2013
VisualStudioVersion = 12.0.21005.1
MinimumVisualStudioVersion = 10.0.40219.1
Project("{8BC9CEB8-8B4A-11D0-8D11-00A0C91BC942}") = "gime", "gime\gime.vcxproj", "{464E413A-8343-48D2-B4D1-8DCD292D2D54}"
EndProject
Global
	GlobalSection(SolutionConfigurationPlatforms) = preSolution
		Debug|Win32 = Debug|Win32
		Release|Win32 = Release|Win32
	EndGlobalSection
	GlobalSection(ProjectConfigurationPlatforms) = postSolution
		{464E413A-8343-48D2-B4D1-8DCD292D2D54}.Debug|Win32.ActiveCfg = Debug|Win32
		{464E413A-8343-48D2-B4D1-8DCD292D2D54}.Debug|Win32.Build.0 = Debug|Win32
		{464E413A-8343-48D2-B4D1-8DCD292D2D54}.Release|Win32.ActiveCfg = Release|Win32
		{464E413A-8343-48D2-B4D1-8DCD292D2D54}.Release|Win32.Build.0 = Release|Win32
	EndGlobalSection
	GlobalSection(SolutionProperties) = preSolution
		HideSolutionNode = FALSE
	EndGlobalSection
EndGlobal
